
Microsoft Visual Studio Solution File, Format Version 12.00
# Visual Studio Version 17
VisualStudioVersion = 17.7.34003.232
MinimumVisualStudioVersion = 10.0.40219.1
Project("{FAE04EC0-301F-11D3-BF4B-00C04F79EFBC}") = "Lists_Babcock_Olivia", "Lists_Babcock_Olivia\Lists_Babcock_Olivia.csproj", "{8D4AA2E8-359D-4158-9524-92EB8AA4C121}"
EndProject
Global
	GlobalSection(SolutionConfigurationPlatforms) = preSolution
		Debug|Any CPU = Debug|Any CPU
		Release|Any CPU = Release|Any CPU
	EndGlobalSection
	GlobalSection(ProjectConfigurationPlatforms) = postSolution
		{8D4AA2E8-359D-4158-9524-92EB8AA4C121}.Debug|Any CPU.ActiveCfg = Debug|Any CPU
		{8D4AA2E8-359D-4158-9524-92EB8AA4C121}.Debug|Any CPU.Build.0 = Debug|Any CPU
		{8D4AA2E8-359D-4158-9524-92EB8AA4C121}.Release|Any CPU.ActiveCfg = Release|Any CPU
		{8D4AA2E8-359D-4158-9524-92EB8AA4C121}.Release|Any CPU.Build.0 = Release|Any CPU
	EndGlobalSection
	GlobalSection(SolutionProperties) = preSolution
		HideSolutionNode = FALSE
	EndGlobalSection
	GlobalSection(ExtensibilityGlobals) = postSolution
		SolutionGuid = {235F4B0B-D677-4384-B55D-1BE41F28368F}
	EndGlobalSection
EndGlobal
